lockfileVersion: '9.0'

settings:
  autoInstallPeers: true
  excludeLinksFromLockfile: false

importers:

  .:
    dependencies:
      '@zeroopensource/zero-cli':
        specifier: latest
        version: 0.0.2
      commander:
        specifier: ^10.0.0
        version: 10.0.1

packages:

  '@zeroopensource/zero-cli@0.0.2':
    resolution: {integrity: sha512-3cN0MEFT1noX3ne0kpZHjwKLsds6P0gPllrtvNdrbIBAxWf5ZDsV1EA+SqGf9neVQEm/keqMzy92/CS1Vjgh0w==}
    hasBin: true

  commander@10.0.1:
    resolution: {integrity: sha512-y4Mg2tXshplEbSGzx7amzPwKKOCGuoSRP/CjEdwwk0FOGlUbq6lKuoyDZTNZkmxHdJtp54hdfY/JUrdL7Xfdug==}
    engines: {node: '>=14'}

  commander@14.0.0:
    resolution: {integrity: sha512-2uM9rYjPvyq39NwLRqaiLtWHyDC1FvryJDa2ATTVims5YAS4PupsEQsDvP14FqhFr0P49CYDugi59xaxJlTXRA==}
    engines: {node: '>=20'}

snapshots:

  '@zeroopensource/zero-cli@0.0.2':
    dependencies:
      commander: 14.0.0

  commander@10.0.1: {}

  commander@14.0.0: {}
